
Microsoft Visual Studio Solution File, Format Version 12.00
# Visual Studio Version 16
VisualStudioVersion = 16.0.31321.278
MinimumVisualStudioVersion = 10.0.40219.1
Project("{9A19103F-16F7-4668-BE54-9A1E7A4F7556}") = "Procezor", "procezor\Procezor.csproj", "{A42AD5A8-8EED-4986-B12B-7D0F0D0D61D5}"
EndProject
Project("{9A19103F-16F7-4668-BE54-9A1E7A4F7556}") = "ProcezorTests", "procezorTest\ProcezorTests.csproj", "{10AC232C-912D-449B-ACB4-82EF57A9AC04}"
EndProject
Global
	GlobalSection(SolutionConfigurationPlatforms) = preSolution
		Debug|Any CPU = Debug|Any CPU
		Release|Any CPU = Release|Any CPU
	EndGlobalSection
	GlobalSection(ProjectConfigurationPlatforms) = postSolution
		{A42AD5A8-8EED-4986-B12B-7D0F0D0D61D5}.Debug|Any CPU.ActiveCfg = Debug|Any CPU
		{A42AD5A8-8EED-4986-B12B-7D0F0D0D61D5}.Debug|Any CPU.Build.0 = Debug|Any CPU
		{A42AD5A8-8EED-4986-B12B-7D0F0D0D61D5}.Release|Any CPU.ActiveCfg = Release|Any CPU
		{A42AD5A8-8EED-4986-B12B-7D0F0D0D61D5}.Release|Any CPU.Build.0 = Release|Any CPU
		{10AC232C-912D-449B-ACB4-82EF57A9AC04}.Debug|Any CPU.ActiveCfg = Debug|Any CPU
		{10AC232C-912D-449B-ACB4-82EF57A9AC04}.Debug|Any CPU.Build.0 = Debug|Any CPU
		{10AC232C-912D-449B-ACB4-82EF57A9AC04}.Release|Any CPU.ActiveCfg = Release|Any CPU
		{10AC232C-912D-449B-ACB4-82EF57A9AC04}.Release|Any CPU.Build.0 = Release|Any CPU
	EndGlobalSection
	GlobalSection(SolutionProperties) = preSolution
		HideSolutionNode = FALSE
	EndGlobalSection
	GlobalSection(ExtensibilityGlobals) = postSolution
		SolutionGuid = {979140D5-C856-46CA-A5A5-AE69FC1D2B04}
	EndGlobalSection
EndGlobal
